
Microsoft Visual Studio Solution File, Format Version 12.00
# Visual Studio Version 17
VisualStudioVersion = 17.1.32210.238
MinimumVisualStudioVersion = 10.0.40219.1
Project("{FAE04EC0-301F-11D3-BF4B-00C04F79EFBC}") = "Calculadora", "Calculadora\Calculadora.csproj", "{392C89AA-6A4B-4BFA-82E7-0F332E47E3E7}"
EndProject
Global
	GlobalSection(SolutionConfigurationPlatforms) = preSolution
		Debug|Any CPU = Debug|Any CPU
		Release|Any CPU = Release|Any CPU
	EndGlobalSection
	GlobalSection(ProjectConfigurationPlatforms) = postSolution
		{392C89AA-6A4B-4BFA-82E7-0F332E47E3E7}.Debug|Any CPU.ActiveCfg = Debug|Any CPU
		{392C89AA-6A4B-4BFA-82E7-0F332E47E3E7}.Debug|Any CPU.Build.0 = Debug|Any CPU
		{392C89AA-6A4B-4BFA-82E7-0F332E47E3E7}.Release|Any CPU.ActiveCfg = Release|Any CPU
		{392C89AA-6A4B-4BFA-82E7-0F332E47E3E7}.Release|Any CPU.Build.0 = Release|Any CPU
	EndGlobalSection
	GlobalSection(SolutionProperties) = preSolution
		HideSolutionNode = FALSE
	EndGlobalSection
	GlobalSection(ExtensibilityGlobals) = postSolution
		SolutionGuid = {41DD0D2E-6317-4195-ACCB-8C0C7F6A8C27}
	EndGlobalSection
EndGlobal
